// !$*UTF8*$!
{
	archiveVersion = 1;
	classes = {
	};
	objectVersion = 46;
	objects = {

/* Begin PBXBuildFile section */
		6A9400271DC2242A000B12C9 /* AppDelegate.swift in Sources */ = {isa = PBXBuildFile; fileRef = 6A9400261DC2242A000B12C9 /* AppDelegate.swift */; };
		6A9400291DC2242A000B12C9 /* ViewController.swift in Sources */ = {isa = PBXBuildFile; fileRef = 6A9400281DC2242A000B12C9 /* ViewController.swift */; };
		6A94002C1DC2242A000B12C9 /* Main.storyboard in Resources */ = {isa = PBXBuildFile; fileRef = 6A94002A1DC2242A000B12C9 /* Main.storyboard */; };
		6A94002F1DC2242A000B12C9 /* Agenda.xcdatamodeld in Sources */ = {isa = PBXBuildFile; fileRef = 6A94002D1DC2242A000B12C9 /* Agenda.xcdatamodeld */; };
		6A9400311DC2242A000B12C9 /* Assets.xcassets in Resources */ = {isa = PBXBuildFile; fileRef = 6A9400301DC2242A000B12C9 /* Assets.xcassets */; };
		6A9400341DC2242A000B12C9 /* LaunchScreen.storyboard in Resources */ = {isa = PBXBuildFile; fileRef = 6A9400321DC2242A000B12C9 /* LaunchScreen.storyboard */; };
/* End PBXBuildFile section */

/* Begin PBXFileReference section */
		6A9400231DC2242A000B12C9 /* Agenda.app */ = {isa = PBXFileReference; explicitFileType = wrapper.application; includeInIndex = 0; path = Agenda.app; sourceTree = BUILT_PRODUCTS_DIR; };
		6A9400261DC2242A000B12C9 /* AppDelegate.swift */ = {isa = PBXFileReference; lastKnownFileType = sourcecode.swift; path = AppDelegate.swift; sourceTree = "<group>"; };
		6A9400281DC2242A000B12C9 /* ViewController.swift */ = {isa = PBXFileReference; lastKnownFileType = sourcecode.swift; path = ViewController.swift; sourceTree = "<group>"; };
		6A94002B1DC2242A000B12C9 /* Base */ = {isa = PBXFileReference; lastKnownFileType = file.storyboard; name = Base; path = Base.lproj/Main.storyboard; sourceTree = "<group>"; };
		6A94002E1DC2242A000B12C9 /* Agenda.xcdatamodel */ = {isa = PBXFileReference; lastKnownFileType = wrapper.xcdatamodel; path = Agenda.xcdatamodel; sourceTree = "<group>"; };
		6A9400301DC2242A000B12C9 /* Assets.xcassets */ = {isa = PBXFileReference; lastKnownFileType = folder.assetcatalog; path = Assets.xcassets; sourceTree = "<group>"; };
		6A9400331DC2242A000B12C9 /* Base */ = {isa = PBXFileReference; lastKnownFileType = file.storyboard; name = Base; path = Base.lproj/LaunchScreen.storyboard; sourceTree = "<group>"; };
		6A9400351DC2242A000B12C9 /* Info.plist */ = {isa = PBXFileReference; lastKnownFileType = text.plist.xml; path = Info.plist; sourceTree = "<group>"; };
/* End PBXFileReference section */

/* Begin PBXFrameworksBuildPhase section */
		6A9400201DC2242A000B12C9 /* Frameworks */ = {
			isa = PBXFrameworksBuildPhase;
			buildActionMask = 2147483647;
			files = (
			);
			runOnlyForDeploymentPostprocessing = 0;
		};
/* End PBXFrameworksBuildPhase section */

/* Begin PBXGroup section */
		6A94001A1DC2242A000B12C9 = {
			isa = PBXGroup;
			children = (
				6A9400251DC2242A000B12C9 /* Agenda */,
				6A9400241DC2242A000B12C9 /* Products */,
			);
			sourceTree = "<group>";
		};
		6A9400241DC2242A000B12C9 /* Products */ = {
			isa = PBXGroup;
			children = (
				6A9400231DC2242A000B12C9 /* Agenda.app */,
			);
			name = Products;
			sourceTree = "<group>";
		};
		6A9400251DC2242A000B12C9 /* Agenda */ = {
			isa = PBXGroup;
			children = (
				6A9400261DC2242A000B12C9 /* AppDelegate.swift */,
				6A9400281DC2242A000B12C9 /* ViewController.swift */,
				6A94002A1DC2242A000B12C9 /* Main.storyboard */,
				6A9400301DC2242A000B12C9 /* Assets.xcassets */,
				6A9400321DC2242A000B12C9 /* LaunchScreen.storyboard */,
				6A9400351DC2242A000B12C9 /* Info.plist */,
				6A94002D1DC2242A000B12C9 /* Agenda.xcdatamodeld */,
			);
			path = Agenda;
			sourceTree = "<group>";
		};
/* End PBXGroup section */

/* Begin PBXNativeTarget section */
		6A9400221DC2242A000B12C9 /* Agenda */ = {
			isa = PBXNativeTarget;
			buildConfigurationList = 6A9400381DC2242A000B12C9 /* Build configuration list for PBXNativeTarget "Agenda" */;
			buildPhases = (
				6A94001F1DC2242A000B12C9 /* Sources */,
				6A9400201DC2242A000B12C9 /* Frameworks */,
				6A9400211DC2242A000B12C9 /* Resources */,
			);
			buildRules = (
			);
			dependencies = (
			);
			name = Agenda;
			productName = Agenda;
			productReference = 6A9400231DC2242A000B12C9 /* Agenda.app */;
			productType = "com.apple.product-type.application";
		};
/* End PBXNativeTarget section */

/* Begin PBXProject section */
		6A94001B1DC2242A000B12C9 /* Project object */ = {
			isa = PBXProject;
			attributes = {
				LastSwiftUpdateCheck = 0800;
				LastUpgradeCheck = 0800;
				ORGANIZATIONNAME = isaac;
				TargetAttributes = {
					6A9400221DC2242A000B12C9 = {
						CreatedOnToolsVersion = 8.0;
						DevelopmentTeam = 2PYVD6QYWH;
						ProvisioningStyle = Automatic;
					};
				};
			};
			buildConfigurationList = 6A94001E1DC2242A000B12C9 /* Build configuration list for PBXProject "Agenda" */;
			compatibilityVersion = "Xcode 3.2";
			developmentRegion = English;
			hasScannedForEncodings = 0;
			knownRegions = (
				en,
				Base,
			);
			mainGroup = 6A94001A1DC2242A000B12C9;
			productRefGroup = 6A9400241DC2242A000B12C9 /* Products */;
			projectDirPath = "";
			projectRoot = "";
			targets = (
				6A9400221DC2242A000B12C9 /* Agenda */,
			);
		};
/* End PBXProject section */

/* Begin PBXResourcesBuildPhase section */
		6A9400211DC2242A000B12C9 /* Resources */ = {
			isa = PBXResourcesBuildPhase;
			buildActionMask = 2147483647;
			files = (
				6A9400341DC2242A000B12C9 /* LaunchScreen.storyboard in Resources */,
				6A9400311DC2242A000B12C9 /* Assets.xcassets in Resources */,
				6A94002C1DC2242A000B12C9 /* Main.storyboard in Resources */,
			);
			runOnlyForDeploymentPostprocessing = 0;
		};
/* End PBXResourcesBuildPhase section */

/* Begin PBXSourcesBuildPhase section */
		6A94001F1DC2242A000B12C9 /* Sources */ = {
			isa = PBXSourcesBuildPhase;
			buildActionMask = 2147483647;
			files = (
				6A94002F1DC2242A000B12C9 /* Agenda.xcdatamodeld in Sources */,
				6A9400291DC2242A000B12C9 /* ViewController.swift in Sources */,
				6A9400271DC2242A000B12C9 /* AppDelegate.swift in Sources */,
			);
			runOnlyForDeploymentPostprocessing = 0;
		};
/* End PBXSourcesBuildPhase section */

/* Begin PBXVariantGroup section */
		6A94002A1DC2242A000B12C9 /* Main.storyboard */ = {
			isa = PBXVariantGroup;
			children = (
				6A94002B1DC2242A000B12C9 /* Base */,
			);
			name = Main.storyboard;
			sourceTree = "<group>";
		};
		6A9400321DC2242A000B12C9 /* LaunchScreen.storyboard */ = {
			isa = PBXVariantGroup;
			children = (
				6A9400331DC2242A000B12C9 /* Base */,
			);
			name = LaunchScreen.storyboard;
			sourceTree = "<group>";
		};
/* End PBXVariantGroup section */

/* Begin XCBuildConfiguration section */
		6A9400361DC2242A000B12C9 /* Debug */ = {
			isa = XCBuildConfiguration;
			buildSettings = {
				ALWAYS_SEARCH_USER_PATHS = NO;
				CLANG_ANALYZER_NONNULL = YES;
				CLANG_CXX_LANGUAGE_STANDARD = "gnu++0x";
				CLANG_CXX_LIBRARY = "libc++";
				CLANG_ENABLE_MODULES = YES;
				CLANG_ENABLE_OBJC_ARC = YES;
				CLANG_WARN_BOOL_CONVERSION = YES;
				CLANG_WARN_CONSTANT_CONVERSION = YES;
				CLANG_WARN_DIRECT_OBJC_ISA_USAGE = YES_ERROR;
				CLANG_WARN_DOCUMENTATION_COMMENTS = YES;
				CLANG_WARN_EMPTY_BODY = YES;
				CLANG_WARN_ENUM_CONVERSION = YES;
				CLANG_WARN_INFINITE_RECURSION = YES;
				CLANG_WARN_INT_CONVERSION = YES;
				CLANG_WARN_OBJC_ROOT_CLASS = YES_ERROR;
				CLANG_WARN_SUSPICIOUS_MOVES = YES;
				CLANG_WARN_UNREACHABLE_CODE = YES;
				CLANG_WARN__DUPLICATE_METHOD_MATCH = YES;
				"CODE_SIGN_IDENTITY[sdk=iphoneos*]" = "iPhone Developer";
				COPY_PHASE_STRIP = NO;
				DEBUG_INFORMATION_FORMAT = dwarf;
				ENABLE_STRICT_OBJC_MSGSEND = YES;
				ENABLE_TESTABILITY = YES;
				GCC_C_LANGUAGE_STANDARD = gnu99;
				GCC_DYNAMIC_NO_PIC = NO;
				GCC_NO_COMMON_BLOCKS = YES;
				GCC_OPTIMIZATION_LEVEL = 0;
				GCC_PREPROCESSOR_DEFINITIONS = (
					"DEBUG=1",
					"$(inherited)",
				);
				GCC_WARN_64_TO_32_BIT_CONVERSION = YES;
				GCC_WARN_ABOUT_RETURN_TYPE = YES_ERROR;
				GCC_WARN_UNDECLARED_SELECTOR = YES;
				GCC_WARN_UNINITIALIZED_AUTOS = YES_AGGRESSIVE;
				GCC_WARN_UNUSED_FUNCTION = YES;
				GCC_WARN_UNUSED_VARIABLE = YES;
				IPHONEOS_DEPLOYMENT_TARGET = 10.0;
				MTL_ENABLE_DEBUG_INFO = YES;
				ONLY_ACTIVE_ARCH = YES;
				SDKROOT = iphoneos;
				SWIFT_ACTIVE_COMPILATION_CONDITIONS = DEBUG;
				SWIFT_OPTIMIZATION_LEVEL = "-Onone";
			};
			name = Debug;
		};
		6A9400371DC2242A000B12C9 /* Release */ = {
			isa = XCBuildConfiguration;
			buildSettings = {
				ALWAYS_SEARCH_USER_PATHS = NO;
				CLANG_ANALYZER_NONNULL = YES;
				CLANG_CXX_LANGUAGE_STANDARD = "gnu++0x";
				CLANG_CXX_LIBRARY = "libc++";
				CLANG_ENABLE_MODULES = YES;
				CLANG_ENABLE_OBJC_ARC = YES;
				CLANG_WARN_BOOL_CONVERSION = YES;
				CLANG_WARN_CONSTANT_CONVERSION = YES;
				CLANG_WARN_DIRECT_OBJC_ISA_USAGE = YES_ERROR;
				CLANG_WARN_DOCUMENTATION_COMMENTS = YES;
				CLANG_WARN_EMPTY_BODY = YES;
				CLANG_WARN_ENUM_CONVERSION = YES;
				CLANG_WARN_INFINITE_RECURSION = YES;
				CLANG_WARN_INT_CONVERSION = YES;
				CLANG_WARN_OBJC_ROOT_CLASS = YES_ERROR;
				CLANG_WARN_SUSPICIOUS_MOVES = YES;
				CLANG_WARN_UNREACHABLE_CODE = YES;
				CLANG_WARN__DUPLICATE_METHOD_MATCH = YES;
				"CODE_SIGN_IDENTITY[sdk=iphoneos*]" = "iPhone Developer";
				COPY_PHASE_STRIP = NO;
				DEBUG_INFORMATION_FORMAT = "dwarf-with-dsym";
				ENABLE_NS_ASSERTIONS = NO;
				ENABLE_STRICT_OBJC_MSGSEND = YES;
				GCC_C_LANGUAGE_STANDARD = gnu99;
				GCC_NO_COMMON_BLOCKS = YES;
				GCC_WARN_64_TO_32_BIT_CONVERSION = YES;
				GCC_WARN_ABOUT_RETURN_TYPE = YES_ERROR;
				GCC_WARN_UNDECLARED_SELECTOR = YES;
				GCC_WARN_UNINITIALIZED_AUTOS = YES_AGGRESSIVE;
				GCC_WARN_UNUSED_FUNCTION = YES;
				GCC_WARN_UNUSED_VARIABLE = YES;
				IPHONEOS_DEPLOYMENT_TARGET = 10.0;
				MTL_ENABLE_DEBUG_INFO = NO;
				SDKROOT = iphoneos;
				SWIFT_OPTIMIZATION_LEVEL = "-Owholemodule";
				VALIDATE_PRODUCT = YES;
			};
			name = Release;
		};
		6A9400391DC2242A000B12C9 /* Debug */ = {
			isa = XCBuildConfiguration;
			buildSettings = {
				ASSETCATALOG_COMPILER_APPICON_NAME = AppIcon;
				DEVELOPMENT_TEAM = 2PYVD6QYWH;
				INFOPLIST_FILE = Agenda/Info.plist;
				LD_RUNPATH_SEARCH_PATHS = "$(inherited) @executable_path/Frameworks";
				PRODUCT_BUNDLE_IDENTIFIER = com.isaac.Agenda;
				PRODUCT_NAME = "$(TARGET_NAME)";
				SWIFT_VERSION = 3.0;
			};
			name = Debug;
		};
		6A94003A1DC2242A000B12C9 /* Release */ = {
			isa = XCBuildConfiguration;
			buildSettings = {
				ASSETCATALOG_COMPILER_APPICON_NAME = AppIcon;
				DEVELOPMENT_TEAM = 2PYVD6QYWH;
				INFOPLIST_FILE = Agenda/Info.plist;
				LD_RUNPATH_SEARCH_PATHS = "$(inherited) @executable_path/Frameworks";
				PRODUCT_BUNDLE_IDENTIFIER = com.isaac.Agenda;
				PRODUCT_NAME = "$(TARGET_NAME)";
				SWIFT_VERSION = 3.0;
			};
			name = Release;
		};
/* End XCBuildConfiguration section */

/* Begin XCConfigurationList section */
		6A94001E1DC2242A000B12C9 /* Build configuration list for PBXProject "Agenda" */ = {
			isa = XCConfigurationList;
			buildConfigurations = (
				6A9400361DC2242A000B12C9 /* Debug */,
				6A9400371DC2242A000B12C9 /* Release */,
			);
			defaultConfigurationIsVisible = 0;
			defaultConfigurationName = Release;
		};
		6A9400381DC2242A000B12C9 /* Build configuration list for PBXNativeTarget "Agenda" */ = {
			isa = XCConfigurationList;
			buildConfigurations = (
				6A9400391DC2242A000B12C9 /* Debug */,
				6A94003A1DC2242A000B12C9 /* Release */,
			);
			defaultConfigurationIsVisible = 0;
			defaultConfigurationName = Release;
		};
/* End XCConfigurationList section */

/* Begin XCVersionGroup section */
		6A94002D1DC2242A000B12C9 /* Agenda.xcdatamodeld */ = {
			isa = XCVersionGroup;
			children = (
				6A94002E1DC2242A000B12C9 /* Agenda.xcdatamodel */,
			);
			currentVersion = 6A94002E1DC2242A000B12C9 /* Agenda.xcdatamodel */;
			path = Agenda.xcdatamodeld;
			sourceTree = "<group>";
			versionGroupType = wrapper.xcdatamodel;
		};
/* End XCVersionGroup section */
	};
	rootObject = 6A94001B1DC2242A000B12C9 /* Project object */;
}
